
Microsoft Visual Studio Solution File, Format Version 12.00
# Visual Studio 2013
VisualStudioVersion = 12.0.21005.1
MinimumVisualStudioVersion = 10.0.40219.1
Project("{FAE04EC0-301F-11D3-BF4B-00C04F79EFBC}") = "TechsonData", "TechsonData\TechsonData.csproj", "{E21135AC-0518-49EF-894C-70BFFFDE5314}"
EndProject
Project("{FAE04EC0-301F-11D3-BF4B-00C04F79EFBC}") = "TechsonAPIComponent", "TechsonAPIComponent\TechsonAPIComponent.csproj", "{31993BF3-7033-42FC-9765-C2D8FE22327D}"
EndProject
Project("{FAE04EC0-301F-11D3-BF4B-00C04F79EFBC}") = "ImageCropComponent", "ImageCropComponent\ImageCropComponent.csproj", "{EAC29B31-79D7-48B9-867E-E2296B6AFABD}"
EndProject
Project("{FAE04EC0-301F-11D3-BF4B-00C04F79EFBC}") = "BlackWhiteImageComponent", "BlackWhiteImageComponent\BlackWhiteImageComponent.csproj", "{CF6CB402-2A89-486B-85F9-4F2F3E7A7245}"
EndProject
Global
	GlobalSection(SolutionConfigurationPlatforms) = preSolution
		Debug|Any CPU = Debug|Any CPU
		Release|Any CPU = Release|Any CPU
	EndGlobalSection
	GlobalSection(ProjectConfigurationPlatforms) = postSolution
		{E21135AC-0518-49EF-894C-70BFFFDE5314}.Debug|Any CPU.ActiveCfg = Debug|Any CPU
		{E21135AC-0518-49EF-894C-70BFFFDE5314}.Debug|Any CPU.Build.0 = Debug|Any CPU
		{E21135AC-0518-49EF-894C-70BFFFDE5314}.Release|Any CPU.ActiveCfg = Release|Any CPU
		{E21135AC-0518-49EF-894C-70BFFFDE5314}.Release|Any CPU.Build.0 = Release|Any CPU
		{31993BF3-7033-42FC-9765-C2D8FE22327D}.Debug|Any CPU.ActiveCfg = Debug|Any CPU
		{31993BF3-7033-42FC-9765-C2D8FE22327D}.Debug|Any CPU.Build.0 = Debug|Any CPU
		{31993BF3-7033-42FC-9765-C2D8FE22327D}.Release|Any CPU.ActiveCfg = Release|Any CPU
		{31993BF3-7033-42FC-9765-C2D8FE22327D}.Release|Any CPU.Build.0 = Release|Any CPU
		{EAC29B31-79D7-48B9-867E-E2296B6AFABD}.Debug|Any CPU.ActiveCfg = Debug|Any CPU
		{EAC29B31-79D7-48B9-867E-E2296B6AFABD}.Debug|Any CPU.Build.0 = Debug|Any CPU
		{EAC29B31-79D7-48B9-867E-E2296B6AFABD}.Release|Any CPU.ActiveCfg = Release|Any CPU
		{EAC29B31-79D7-48B9-867E-E2296B6AFABD}.Release|Any CPU.Build.0 = Release|Any CPU
		{CF6CB402-2A89-486B-85F9-4F2F3E7A7245}.Debug|Any CPU.ActiveCfg = Debug|Any CPU
		{CF6CB402-2A89-486B-85F9-4F2F3E7A7245}.Debug|Any CPU.Build.0 = Debug|Any CPU
		{CF6CB402-2A89-486B-85F9-4F2F3E7A7245}.Release|Any CPU.ActiveCfg = Release|Any CPU
		{CF6CB402-2A89-486B-85F9-4F2F3E7A7245}.Release|Any CPU.Build.0 = Release|Any CPU
	EndGlobalSection
	GlobalSection(SolutionProperties) = preSolution
		HideSolutionNode = FALSE
	EndGlobalSection
EndGlobal
